
Microsoft Visual Studio Solution File, Format Version 12.00
# Visual Studio Version 16
VisualStudioVersion = 16.0.31105.61
MinimumVisualStudioVersion = 10.0.40219.1
Project("{FAE04EC0-301F-11D3-BF4B-00C04F79EFBC}") = "DevBuildLab5_3", "DevBuildLab5_3\DevBuildLab5_3.csproj", "{725FD33A-2234-416D-86C8-D46537D5D84F}"
EndProject
Global
	GlobalSection(SolutionConfigurationPlatforms) = preSolution
		Debug|Any CPU = Debug|Any CPU
		Release|Any CPU = Release|Any CPU
	EndGlobalSection
	GlobalSection(ProjectConfigurationPlatforms) = postSolution
		{725FD33A-2234-416D-86C8-D46537D5D84F}.Debug|Any CPU.ActiveCfg = Debug|Any CPU
		{725FD33A-2234-416D-86C8-D46537D5D84F}.Debug|Any CPU.Build.0 = Debug|Any CPU
		{725FD33A-2234-416D-86C8-D46537D5D84F}.Release|Any CPU.ActiveCfg = Release|Any CPU
		{725FD33A-2234-416D-86C8-D46537D5D84F}.Release|Any CPU.Build.0 = Release|Any CPU
	EndGlobalSection
	GlobalSection(SolutionProperties) = preSolution
		HideSolutionNode = FALSE
	EndGlobalSection
	GlobalSection(ExtensibilityGlobals) = postSolution
		SolutionGuid = {0A297311-F6E9-49AB-9A08-FA38A1F1BDFE}
	EndGlobalSection
EndGlobal
